
Microsoft Visual Studio Solution File, Format Version 12.00
# Visual Studio Version 16
VisualStudioVersion = 16.0.30011.22
MinimumVisualStudioVersion = 10.0.40219.1
Project("{FAE04EC0-301F-11D3-BF4B-00C04F79EFBC}") = "testapp", "testapp\testapp.csproj", "{BA118D7F-020A-4C86-A8D2-1D65C0A12FD9}"
EndProject
Global
	GlobalSection(SolutionConfigurationPlatforms) = preSolution
		Debug|Any CPU = Debug|Any CPU
		Release|Any CPU = Release|Any CPU
	EndGlobalSection
	GlobalSection(ProjectConfigurationPlatforms) = postSolution
		{BA118D7F-020A-4C86-A8D2-1D65C0A12FD9}.Debug|Any CPU.ActiveCfg = Debug|Any CPU
		{BA118D7F-020A-4C86-A8D2-1D65C0A12FD9}.Debug|Any CPU.Build.0 = Debug|Any CPU
		{BA118D7F-020A-4C86-A8D2-1D65C0A12FD9}.Release|Any CPU.ActiveCfg = Release|Any CPU
		{BA118D7F-020A-4C86-A8D2-1D65C0A12FD9}.Release|Any CPU.Build.0 = Release|Any CPU
	EndGlobalSection
	GlobalSection(SolutionProperties) = preSolution
		HideSolutionNode = FALSE
	EndGlobalSection
	GlobalSection(ExtensibilityGlobals) = postSolution
		SolutionGuid = {0B38E648-33F4-4733-8FC4-942307C8D243}
	EndGlobalSection
EndGlobal
